{
  "name": "production-batch-movement-tool",
  "version": "1.2.5",
  "lockfileVersion": 1,
  "requires": true,
  "dependencies": {
    "eslint-plugin-flowtype": {
      "version": "2.34.1",
      "resolved": "https://registry.npmjs.org/eslint-plugin-flowtype/-/eslint-plugin-flowtype-2.34.1.tgz",
      "integrity": "sha512-xwXpTW7Xv+wfuQdfPILmFl9HWBdWbDjE1aZWWQ4EgCpQtMzymEkDQfyD1ME0VA8C0HTXV7cufypQRvLi+Hk/og==",
      "dev": true,
      "requires": {
        "lodash": "4.17.4"
      }
    },
    "lodash": {
      "version": "4.17.4",
      "resolved": "https://registry.npmjs.org/lodash/-/lodash-4.17.4.tgz",
      "integrity": "sha1-eCA6TRwyiuHYbcpkYONptX9AVa4=",
      "dev": true
    }
  }
}
